// !$*UTF8*$!
{
	archiveVersion = 1;
	classes = {
	};
	objectVersion = 46;
	objects = {

/* Begin PBXBuildFile section */
		12F97DF91B32C3DB00B72335 /* main.m in Sources */ = {isa = PBXBuildFile; fileRef = 12F97DF81B32C3DB00B72335 /* main.m */; };
		12F97DFC1B32C3DB00B72335 /* AppDelegate.m in Sources */ = {isa = PBXBuildFile; fileRef = 12F97DFB1B32C3DB00B72335 /* AppDelegate.m */; };
		12F97DFF1B32C3DB00B72335 /* ViewController.m in Sources */ = {isa = PBXBuildFile; fileRef = 12F97DFE1B32C3DB00B72335 /* ViewController.m */; };
		12F97E021B32C3DB00B72335 /* Main.storyboard in Resources */ = {isa = PBXBuildFile; fileRef = 12F97E001B32C3DB00B72335 /* Main.storyboard */; };
		12F97E041B32C3DB00B72335 /* Images.xcassets in Resources */ = {isa = PBXBuildFile; fileRef = 12F97E031B32C3DB00B72335 /* Images.xcassets */; };
		12F97E071B32C3DB00B72335 /* LaunchScreen.xib in Resources */ = {isa = PBXBuildFile; fileRef = 12F97E051B32C3DB00B72335 /* LaunchScreen.xib */; };
		12F97E131B32C3DB00B72335 /* OpenEars_sampleTests.m in Sources */ = {isa = PBXBuildFile; fileRef = 12F97E121B32C3DB00B72335 /* OpenEars_sampleTests.m */; };
/* End PBXBuildFile section */

/* Begin PBXContainerItemProxy section */
		12F97E0D1B32C3DB00B72335 /* PBXContainerItemProxy */ = {
			isa = PBXContainerItemProxy;
			containerPortal = 12F97DEB1B32C3DB00B72335 /* Project object */;
			proxyType = 1;
			remoteGlobalIDString = 12F97DF21B32C3DB00B72335;
			remoteInfo = "OpenEars-sample";
		};
/* End PBXContainerItemProxy section */

/* Begin PBXFileReference section */
		12F97DF31B32C3DB00B72335 /* OpenEars-sample.app */ = {isa = PBXFileReference; explicitFileType = wrapper.application; includeInIndex = 0; path = "OpenEars-sample.app"; sourceTree = BUILT_PRODUCTS_DIR; };
		12F97DF71B32C3DB00B72335 /* Info.plist */ = {isa = PBXFileReference; lastKnownFileType = text.plist.xml; path = Info.plist; sourceTree = "<group>"; };
		12F97DF81B32C3DB00B72335 /* main.m */ = {isa = PBXFileReference; lastKnownFileType = sourcecode.c.objc; path = main.m; sourceTree = "<group>"; };
		12F97DFA1B32C3DB00B72335 /* AppDelegate.h */ = {isa = PBXFileReference; lastKnownFileType = sourcecode.c.h; path = AppDelegate.h; sourceTree = "<group>"; };
		12F97DFB1B32C3DB00B72335 /* AppDelegate.m */ = {isa = PBXFileReference; lastKnownFileType = sourcecode.c.objc; path = AppDelegate.m; sourceTree = "<group>"; };
		12F97DFD1B32C3DB00B72335 /* ViewController.h */ = {isa = PBXFileReference; lastKnownFileType = sourcecode.c.h; path = ViewController.h; sourceTree = "<group>"; };
		12F97DFE1B32C3DB00B72335 /* ViewController.m */ = {isa = PBXFileReference; lastKnownFileType = sourcecode.c.objc; path = ViewController.m; sourceTree = "<group>"; };
		12F97E011B32C3DB00B72335 /* Base */ = {isa = PBXFileReference; lastKnownFileType = file.storyboard; name = Base; path = Base.lproj/Main.storyboard; sourceTree = "<group>"; };
		12F97E031B32C3DB00B72335 /* Images.xcassets */ = {isa = PBXFileReference; lastKnownFileType = folder.assetcatalog; path = Images.xcassets; sourceTree = "<group>"; };
		12F97E061B32C3DB00B72335 /* Base */ = {isa = PBXFileReference; lastKnownFileType = file.xib; name = Base; path = Base.lproj/LaunchScreen.xib; sourceTree = "<group>"; };
		12F97E0C1B32C3DB00B72335 /* OpenEars-sampleTests.xctest */ = {isa = PBXFileReference; explicitFileType = wrapper.cfbundle; includeInIndex = 0; path = "OpenEars-sampleTests.xctest"; sourceTree = BUILT_PRODUCTS_DIR; };
		12F97E111B32C3DB00B72335 /* Info.plist */ = {isa = PBXFileReference; lastKnownFileType = text.plist.xml; path = Info.plist; sourceTree = "<group>"; };
		12F97E121B32C3DB00B72335 /* OpenEars_sampleTests.m */ = {isa = PBXFileReference; lastKnownFileType = sourcecode.c.objc; path = OpenEars_sampleTests.m; sourceTree = "<group>"; };
/* End PBXFileReference section */

/* Begin PBXFrameworksBuildPhase section */
		12F97DF01B32C3DB00B72335 /* Frameworks */ = {
			isa = PBXFrameworksBuildPhase;
			buildActionMask = 2147483647;
			files = (
			);
			runOnlyForDeploymentPostprocessing = 0;
		};
		12F97E091B32C3DB00B72335 /* Frameworks */ = {
			isa = PBXFrameworksBuildPhase;
			buildActionMask = 2147483647;
			files = (
			);
			runOnlyForDeploymentPostprocessing = 0;
		};
/* End PBXFrameworksBuildPhase section */

/* Begin PBXGroup section */
		12F97DEA1B32C3DB00B72335 = {
			isa = PBXGroup;
			children = (
				12F97DF51B32C3DB00B72335 /* OpenEars-sample */,
				12F97E0F1B32C3DB00B72335 /* OpenEars-sampleTests */,
				12F97DF41B32C3DB00B72335 /* Products */,
			);
			sourceTree = "<group>";
		};
		12F97DF41B32C3DB00B72335 /* Products */ = {
			isa = PBXGroup;
			children = (
				12F97DF31B32C3DB00B72335 /* OpenEars-sample.app */,
				12F97E0C1B32C3DB00B72335 /* OpenEars-sampleTests.xctest */,
			);
			name = Products;
			sourceTree = "<group>";
		};
		12F97DF51B32C3DB00B72335 /* OpenEars-sample */ = {
			isa = PBXGroup;
			children = (
				12F97DFA1B32C3DB00B72335 /* AppDelegate.h */,
				12F97DFB1B32C3DB00B72335 /* AppDelegate.m */,
				12F97DFD1B32C3DB00B72335 /* ViewController.h */,
				12F97DFE1B32C3DB00B72335 /* ViewController.m */,
				12F97E001B32C3DB00B72335 /* Main.storyboard */,
				12F97E031B32C3DB00B72335 /* Images.xcassets */,
				12F97E051B32C3DB00B72335 /* LaunchScreen.xib */,
				12F97DF61B32C3DB00B72335 /* Supporting Files */,
			);
			path = "OpenEars-sample";
			sourceTree = "<group>";
		};
		12F97DF61B32C3DB00B72335 /* Supporting Files */ = {
			isa = PBXGroup;
			children = (
				12F97DF71B32C3DB00B72335 /* Info.plist */,
				12F97DF81B32C3DB00B72335 /* main.m */,
			);
			name = "Supporting Files";
			sourceTree = "<group>";
		};
		12F97E0F1B32C3DB00B72335 /* OpenEars-sampleTests */ = {
			isa = PBXGroup;
			children = (
				12F97E121B32C3DB00B72335 /* OpenEars_sampleTests.m */,
				12F97E101B32C3DB00B72335 /* Supporting Files */,
			);
			path = "OpenEars-sampleTests";
			sourceTree = "<group>";
		};
		12F97E101B32C3DB00B72335 /* Supporting Files */ = {
			isa = PBXGroup;
			children = (
				12F97E111B32C3DB00B72335 /* Info.plist */,
			);
			name = "Supporting Files";
			sourceTree = "<group>";
		};
/* End PBXGroup section */

/* Begin PBXNativeTarget section */
		12F97DF21B32C3DB00B72335 /* OpenEars-sample */ = {
			isa = PBXNativeTarget;
			buildConfigurationList = 12F97E161B32C3DB00B72335 /* Build configuration list for PBXNativeTarget "OpenEars-sample" */;
			buildPhases = (
				12F97DEF1B32C3DB00B72335 /* Sources */,
				12F97DF01B32C3DB00B72335 /* Frameworks */,
				12F97DF11B32C3DB00B72335 /* Resources */,
			);
			buildRules = (
			);
			dependencies = (
			);
			name = "OpenEars-sample";
			productName = "OpenEars-sample";
			productReference = 12F97DF31B32C3DB00B72335 /* OpenEars-sample.app */;
			productType = "com.apple.product-type.application";
		};
		12F97E0B1B32C3DB00B72335 /* OpenEars-sampleTests */ = {
			isa = PBXNativeTarget;
			buildConfigurationList = 12F97E191B32C3DB00B72335 /* Build configuration list for PBXNativeTarget "OpenEars-sampleTests" */;
			buildPhases = (
				12F97E081B32C3DB00B72335 /* Sources */,
				12F97E091B32C3DB00B72335 /* Frameworks */,
				12F97E0A1B32C3DB00B72335 /* Resources */,
			);
			buildRules = (
			);
			dependencies = (
				12F97E0E1B32C3DB00B72335 /* PBXTargetDependency */,
			);
			name = "OpenEars-sampleTests";
			productName = "OpenEars-sampleTests";
			productReference = 12F97E0C1B32C3DB00B72335 /* OpenEars-sampleTests.xctest */;
			productType = "com.apple.product-type.bundle.unit-test";
		};
/* End PBXNativeTarget section */

/* Begin PBXProject section */
		12F97DEB1B32C3DB00B72335 /* Project object */ = {
			isa = PBXProject;
			attributes = {
				LastUpgradeCheck = 0620;
				ORGANIZATIONNAME = yutatotz;
				TargetAttributes = {
					12F97DF21B32C3DB00B72335 = {
						CreatedOnToolsVersion = 6.2;
					};
					12F97E0B1B32C3DB00B72335 = {
						CreatedOnToolsVersion = 6.2;
						TestTargetID = 12F97DF21B32C3DB00B72335;
					};
				};
			};
			buildConfigurationList = 12F97DEE1B32C3DB00B72335 /* Build configuration list for PBXProject "OpenEars-sample" */;
			compatibilityVersion = "Xcode 3.2";
			developmentRegion = English;
			hasScannedForEncodings = 0;
			knownRegions = (
				en,
				Base,
			);
			mainGroup = 12F97DEA1B32C3DB00B72335;
			productRefGroup = 12F97DF41B32C3DB00B72335 /* Products */;
			projectDirPath = "";
			projectRoot = "";
			targets = (
				12F97DF21B32C3DB00B72335 /* OpenEars-sample */,
				12F97E0B1B32C3DB00B72335 /* OpenEars-sampleTests */,
			);
		};
/* End PBXProject section */

/* Begin PBXResourcesBuildPhase section */
		12F97DF11B32C3DB00B72335 /* Resources */ = {
			isa = PBXResourcesBuildPhase;
			buildActionMask = 2147483647;
			files = (
				12F97E021B32C3DB00B72335 /* Main.storyboard in Resources */,
				12F97E071B32C3DB00B72335 /* LaunchScreen.xib in Resources */,
				12F97E041B32C3DB00B72335 /* Images.xcassets in Resources */,
			);
			runOnlyForDeploymentPostprocessing = 0;
		};
		12F97E0A1B32C3DB00B72335 /* Resources */ = {
			isa = PBXResourcesBuildPhase;
			buildActionMask = 2147483647;
			files = (
			);
			runOnlyForDeploymentPostprocessing = 0;
		};
/* End PBXResourcesBuildPhase section */

/* Begin PBXSourcesBuildPhase section */
		12F97DEF1B32C3DB00B72335 /* Sources */ = {
			isa = PBXSourcesBuildPhase;
			buildActionMask = 2147483647;
			files = (
				12F97DFF1B32C3DB00B72335 /* ViewController.m in Sources */,
				12F97DFC1B32C3DB00B72335 /* AppDelegate.m in Sources */,
				12F97DF91B32C3DB00B72335 /* main.m in Sources */,
			);
			runOnlyForDeploymentPostprocessing = 0;
		};
		12F97E081B32C3DB00B72335 /* Sources */ = {
			isa = PBXSourcesBuildPhase;
			buildActionMask = 2147483647;
			files = (
				12F97E131B32C3DB00B72335 /* OpenEars_sampleTests.m in Sources */,
			);
			runOnlyForDeploymentPostprocessing = 0;
		};
/* End PBXSourcesBuildPhase section */

/* Begin PBXTargetDependency section */
		12F97E0E1B32C3DB00B72335 /* PBXTargetDependency */ = {
			isa = PBXTargetDependency;
			target = 12F97DF21B32C3DB00B72335 /* OpenEars-sample */;
			targetProxy = 12F97E0D1B32C3DB00B72335 /* PBXContainerItemProxy */;
		};
/* End PBXTargetDependency section */

/* Begin PBXVariantGroup section */
		12F97E001B32C3DB00B72335 /* Main.storyboard */ = {
			isa = PBXVariantGroup;
			children = (
				12F97E011B32C3DB00B72335 /* Base */,
			);
			name = Main.storyboard;
			sourceTree = "<group>";
		};
		12F97E051B32C3DB00B72335 /* LaunchScreen.xib */ = {
			isa = PBXVariantGroup;
			children = (
				12F97E061B32C3DB00B72335 /* Base */,
			);
			name = LaunchScreen.xib;
			sourceTree = "<group>";
		};
/* End PBXVariantGroup section */

/* Begin XCBuildConfiguration section */
		12F97E141B32C3DB00B72335 /* Debug */ = {
			isa = XCBuildConfiguration;
			buildSettings = {
				ALWAYS_SEARCH_USER_PATHS = NO;
				CLANG_CXX_LANGUAGE_STANDARD = "gnu++0x";
				CLANG_CXX_LIBRARY = "libc++";
				CLANG_ENABLE_MODULES = YES;
				CLANG_ENABLE_OBJC_ARC = YES;
				CLANG_WARN_BOOL_CONVERSION = YES;
				CLANG_WARN_CONSTANT_CONVERSION = YES;
				CLANG_WARN_DIRECT_OBJC_ISA_USAGE = YES_ERROR;
				CLANG_WARN_EMPTY_BODY = YES;
				CLANG_WARN_ENUM_CONVERSION = YES;
				CLANG_WARN_INT_CONVERSION = YES;
				CLANG_WARN_OBJC_ROOT_CLASS = YES_ERROR;
				CLANG_WARN_UNREACHABLE_CODE = YES;
				CLANG_WARN__DUPLICATE_METHOD_MATCH = YES;
				"CODE_SIGN_IDENTITY[sdk=iphoneos*]" = "iPhone Developer";
				COPY_PHASE_STRIP = NO;
				ENABLE_STRICT_OBJC_MSGSEND = YES;
				GCC_C_LANGUAGE_STANDARD = gnu99;
				GCC_DYNAMIC_NO_PIC = NO;
				GCC_OPTIMIZATION_LEVEL = 0;
				GCC_PREPROCESSOR_DEFINITIONS = (
					"DEBUG=1",
					"$(inherited)",
				);
				GCC_SYMBOLS_PRIVATE_EXTERN = NO;
				GCC_WARN_64_TO_32_BIT_CONVERSION = YES;
				GCC_WARN_ABOUT_RETURN_TYPE = YES_ERROR;
				GCC_WARN_UNDECLARED_SELECTOR = YES;
				GCC_WARN_UNINITIALIZED_AUTOS = YES_AGGRESSIVE;
				GCC_WARN_UNUSED_FUNCTION = YES;
				GCC_WARN_UNUSED_VARIABLE = YES;
				IPHONEOS_DEPLOYMENT_TARGET = 8.2;
				MTL_ENABLE_DEBUG_INFO = YES;
				ONLY_ACTIVE_ARCH = YES;
				SDKROOT = iphoneos;
				TARGETED_DEVICE_FAMILY = "1,2";
			};
			name = Debug;
		};
		12F97E151B32C3DB00B72335 /* Release */ = {
			isa = XCBuildConfiguration;
			buildSettings = {
				ALWAYS_SEARCH_USER_PATHS = NO;
				CLANG_CXX_LANGUAGE_STANDARD = "gnu++0x";
				CLANG_CXX_LIBRARY = "libc++";
				CLANG_ENABLE_MODULES = YES;
				CLANG_ENABLE_OBJC_ARC = YES;
				CLANG_WARN_BOOL_CONVERSION = YES;
				CLANG_WARN_CONSTANT_CONVERSION = YES;
				CLANG_WARN_DIRECT_OBJC_ISA_USAGE = YES_ERROR;
				CLANG_WARN_EMPTY_BODY = YES;
				CLANG_WARN_ENUM_CONVERSION = YES;
				CLANG_WARN_INT_CONVERSION = YES;
				CLANG_WARN_OBJC_ROOT_CLASS = YES_ERROR;
				CLANG_WARN_UNREACHABLE_CODE = YES;
				CLANG_WARN__DUPLICATE_METHOD_MATCH = YES;
				"CODE_SIGN_IDENTITY[sdk=iphoneos*]" = "iPhone Developer";
				COPY_PHASE_STRIP = NO;
				ENABLE_NS_ASSERTIONS = NO;
				ENABLE_STRICT_OBJC_MSGSEND = YES;
				GCC_C_LANGUAGE_STANDARD = gnu99;
				GCC_WARN_64_TO_32_BIT_CONVERSION = YES;
				GCC_WARN_ABOUT_RETURN_TYPE = YES_ERROR;
				GCC_WARN_UNDECLARED_SELECTOR = YES;
				GCC_WARN_UNINITIALIZED_AUTOS = YES_AGGRESSIVE;
				GCC_WARN_UNUSED_FUNCTION = YES;
				GCC_WARN_UNUSED_VARIABLE = YES;
				IPHONEOS_DEPLOYMENT_TARGET = 8.2;
				MTL_ENABLE_DEBUG_INFO = NO;
				SDKROOT = iphoneos;
				TARGETED_DEVICE_FAMILY = "1,2";
				VALIDATE_PRODUCT = YES;
			};
			name = Release;
		};
		12F97E171B32C3DB00B72335 /* Debug */ = {
			isa = XCBuildConfiguration;
			buildSettings = {
				ASSETCATALOG_COMPILER_APPICON_NAME = AppIcon;
				INFOPLIST_FILE = "OpenEars-sample/Info.plist";
				LD_RUNPATH_SEARCH_PATHS = "$(inherited) @executable_path/Frameworks";
				PRODUCT_NAME = "$(TARGET_NAME)";
			};
			name = Debug;
		};
		12F97E181B32C3DB00B72335 /* Release */ = {
			isa = XCBuildConfiguration;
			buildSettings = {
				ASSETCATALOG_COMPILER_APPICON_NAME = AppIcon;
				INFOPLIST_FILE = "OpenEars-sample/Info.plist";
				LD_RUNPATH_SEARCH_PATHS = "$(inherited) @executable_path/Frameworks";
				PRODUCT_NAME = "$(TARGET_NAME)";
			};
			name = Release;
		};
		12F97E1A1B32C3DB00B72335 /* Debug */ = {
			isa = XCBuildConfiguration;
			buildSettings = {
				BUNDLE_LOADER = "$(TEST_HOST)";
				FRAMEWORK_SEARCH_PATHS = (
					"$(SDKROOT)/Developer/Library/Frameworks",
					"$(inherited)",
				);
				GCC_PREPROCESSOR_DEFINITIONS = (
					"DEBUG=1",
					"$(inherited)",
				);
				INFOPLIST_FILE = "OpenEars-sampleTests/Info.plist";
				LD_RUNPATH_SEARCH_PATHS = "$(inherited) @executable_path/Frameworks @loader_path/Frameworks";
				PRODUCT_NAME = "$(TARGET_NAME)";
				TEST_HOST = "$(BUILT_PRODUCTS_DIR)/OpenEars-sample.app/OpenEars-sample";
			};
			name = Debug;
		};
		12F97E1B1B32C3DB00B72335 /* Release */ = {
			isa = XCBuildConfiguration;
			buildSettings = {
				BUNDLE_LOADER = "$(TEST_HOST)";
				FRAMEWORK_SEARCH_PATHS = (
					"$(SDKROOT)/Developer/Library/Frameworks",
					"$(inherited)",
				);
				INFOPLIST_FILE = "OpenEars-sampleTests/Info.plist";
				LD_RUNPATH_SEARCH_PATHS = "$(inherited) @executable_path/Frameworks @loader_path/Frameworks";
				PRODUCT_NAME = "$(TARGET_NAME)";
				TEST_HOST = "$(BUILT_PRODUCTS_DIR)/OpenEars-sample.app/OpenEars-sample";
			};
			name = Release;
		};
/* End XCBuildConfiguration section */

/* Begin XCConfigurationList section */
		12F97DEE1B32C3DB00B72335 /* Build configuration list for PBXProject "OpenEars-sample" */ = {
			isa = XCConfigurationList;
			buildConfigurations = (
				12F97E141B32C3DB00B72335 /* Debug */,
				12F97E151B32C3DB00B72335 /* Release */,
			);
			defaultConfigurationIsVisible = 0;
			defaultConfigurationName = Release;
		};
		12F97E161B32C3DB00B72335 /* Build configuration list for PBXNativeTarget "OpenEars-sample" */ = {
			isa = XCConfigurationList;
			buildConfigurations = (
				12F97E171B32C3DB00B72335 /* Debug */,
				12F97E181B32C3DB00B72335 /* Release */,
			);
			defaultConfigurationIsVisible = 0;
		};
		12F97E191B32C3DB00B72335 /* Build configuration list for PBXNativeTarget "OpenEars-sampleTests" */ = {
			isa = XCConfigurationList;
			buildConfigurations = (
				12F97E1A1B32C3DB00B72335 /* Debug */,
				12F97E1B1B32C3DB00B72335 /* Release */,
			);
			defaultConfigurationIsVisible = 0;
		};
/* End XCConfigurationList section */
	};
	rootObject = 12F97DEB1B32C3DB00B72335 /* Project object */;
}
